{
  "originHash" : "e041010bcce983c26d670c1830d8637080471e32f4a234cca2d702dbb62bb340",
  "pins" : [
    {
      "identity" : "usagemonitorutilities",
      "kind" : "remoteSourceControl",
      "location" : "https://github.com/ericgong2005/UsageMonitorUtilities",
      "state" : {
        "branch" : "main",
        "revision" : "db88baf9cb337a33a841908a164d4a38e46bcf4a"
      }
    }
  ],
  "version" : 3
}
